<?xml version="1.0" encoding="utf-8"?>
<Project ToolsVersion="4.0" xmlns="http://schemas.microsoft.com/developer/msbuild/2003">
  <ItemGroup>
    <Filter Include="Source Files">
      <UniqueIdentifier>{4FC737F1-C7A5-4376-A066-2A32D752A2FF}</UniqueIdentifier>
      <Extensions>cpp;c;cc;cxx;def;odl;idl;hpj;bat;asm;asmx</Extensions>
    </Filter>
    <Filter Include="Header Files">
      <UniqueIdentifier>{93995380-89BD-4b04-88EB-625FBE52EBFB}</UniqueIdentifier>
      <Extensions>h;hh;hpp;hxx;hm;inl;inc;ipp;xsd</Extensions>
    </Filter>
    <Filter Include="Resource Files">
      <UniqueIdentifier>{67DA6AB6-F800-4c08-8B7A-83BB121AAD01}</UniqueIdentifier>
      <Extensions>rc;ico;cur;bmp;dlg;rc2;rct;bin;rgs;gif;jpg;jpeg;jpe;resx;tiff;tif;png;wav;mfcribbon-ms</Extensions>
    </Filter>
  </ItemGroup>
  <ItemGroup>
    <ClCompile Include="D3dRenderFrameWork.cpp">
      <Filter>Source Files</Filter>
    </ClCompile>
    <ClCompile Include="common\PC\WException.cpp">
      <Filter>Source Files</Filter>
    </ClCompile>
    <ClCompile Include="common\PC\WFunc.cpp">
      <Filter>Source Files</Filter>
    </ClCompile>
    <ClCompile Include="game\EventDispatcher.cpp">
      <Filter>Source Files</Filter>
    </ClCompile>
    <ClCompile Include="game\PC\EventDispatcherWin.cpp">
      <Filter>Source Files</Filter>
    </ClCompile>
    <ClCompile Include="render\IRenderer.cpp">
      <Filter>Source Files</Filter>
    </ClCompile>
    <ClCompile Include="render\Mesh.cpp">
      <Filter>Source Files</Filter>
    </ClCompile>
    <ClCompile Include="render\PC\D3dCommandList.cpp">
      <Filter>Source Files</Filter>
    </ClCompile>
    <ClCompile Include="render\PC\D3dGraphicContext.cpp">
      <Filter>Source Files</Filter>
    </ClCompile>
    <ClCompile Include="render\PC\D3dRenderer.cpp">
      <Filter>Source Files</Filter>
    </ClCompile>
    <ClCompile Include="render\PC\D3dUtil.cpp">
      <Filter>Source Files</Filter>
    </ClCompile>
    <ClCompile Include="render\PC\DescriptorHeap.cpp">
      <Filter>Source Files</Filter>
    </ClCompile>
    <ClCompile Include="render\PC\Frame.cpp">
      <Filter>Source Files</Filter>
    </ClCompile>
    <ClCompile Include="render\PC\FrameResource.cpp">
      <Filter>Source Files</Filter>
    </ClCompile>
    <ClCompile Include="render\PC\Data.h">
      <Filter>Header Files</Filter>
    </ClCompile>
    <ClCompile Include="render\PC\RenderResource\DefaultBuffer.cpp">
      <Filter>Source Files</Filter>
    </ClCompile>
    <ClCompile Include="render\PC\RenderResource\D3dResourceManager.cpp">
      <Filter>Source Files</Filter>
    </ClCompile>
    <ClCompile Include="render\PC\RenderResource\UploadHeap.cpp">
      <Filter>Source Files</Filter>
    </ClCompile>
    <ClCompile Include="render\PC\Shader.cpp">
      <Filter>Source Files</Filter>
    </ClCompile>
    <ClCompile Include="render\PC\WFrame.cpp">
      <Filter>Source Files</Filter>
    </ClCompile>
    <ClCompile Include="render\PC\D3dCommandQueue.cpp">
      <Filter>Source Files</Filter>
    </ClCompile>
    <ClCompile Include="render\PC\RenderResource\D3dResource.cpp">
      <Filter>Source Files</Filter>
    </ClCompile>
  </ItemGroup>
  <ItemGroup>
    <ClInclude Include="common\helper.h">
      <Filter>Header Files</Filter>
    </ClInclude>
    <ClInclude Include="common\PC\WException.h">
      <Filter>Header Files</Filter>
    </ClInclude>
    <ClInclude Include="common\PC\WFunc.h">
      <Filter>Header Files</Filter>
    </ClInclude>
    <ClInclude Include="d3dx12.h">
      <Filter>Header Files</Filter>
    </ClInclude>
    <ClInclude Include="game\EventDispatcher.h">
      <Filter>Header Files</Filter>
    </ClInclude>
    <ClInclude Include="game\PC\EventDispatcherWin.h">
      <Filter>Header Files</Filter>
    </ClInclude>
    <ClInclude Include="pch.h">
      <Filter>Header Files</Filter>
    </ClInclude>
    <ClInclude Include="render\IRenderer.h">
      <Filter>Header Files</Filter>
    </ClInclude>
    <ClInclude Include="render\Mesh.h">
      <Filter>Header Files</Filter>
    </ClInclude>
    <ClInclude Include="render\PC\D3dCommandList.h">
      <Filter>Header Files</Filter>
    </ClInclude>
    <ClInclude Include="render\PC\D3dGraphicContext.h">
      <Filter>Header Files</Filter>
    </ClInclude>
    <ClInclude Include="render\PC\D3dRenderer.h">
      <Filter>Header Files</Filter>
    </ClInclude>
    <ClInclude Include="render\PC\D3dUtil.h">
      <Filter>Header Files</Filter>
    </ClInclude>
    <ClInclude Include="render\PC\DescriptorHeap.h">
      <Filter>Header Files</Filter>
    </ClInclude>
    <ClInclude Include="render\PC\dxgi.h">
      <Filter>Header Files</Filter>
    </ClInclude>
    <ClInclude Include="render\PC\Frame.h">
      <Filter>Header Files</Filter>
    </ClInclude>
    <ClInclude Include="render\PC\FrameResource.h">
      <Filter>Header Files</Filter>
    </ClInclude>
    <ClInclude Include="render\PC\RenderResource\DefaultBuffer.h">
      <Filter>Header Files</Filter>
    </ClInclude>
    <ClInclude Include="render\PC\RenderResource\D3dResourceManager.h">
      <Filter>Header Files</Filter>
    </ClInclude>
    <ClInclude Include="render\PC\RenderResource\UploadHeap.h">
      <Filter>Header Files</Filter>
    </ClInclude>
    <ClInclude Include="render\PC\Shader.h">
      <Filter>Header Files</Filter>
    </ClInclude>
    <ClInclude Include="render\PC\WFrame.h">
      <Filter>Header Files</Filter>
    </ClInclude>
    <ClInclude Include="render\PC\D3dCommandQueue.h">
      <Filter>Header Files</Filter>
    </ClInclude>
    <ClInclude Include="render\PC\RenderResource\D3dResource.h">
      <Filter>Header Files</Filter>
    </ClInclude>
  </ItemGroup>
</Project>