<?xml version="1.0" encoding="utf-8"?>
<Project ToolsVersion="4.0" xmlns="http://schemas.microsoft.com/developer/msbuild/2003">
  <ItemGroup>
    <Filter Include="Source Files">
      <UniqueIdentifier>{4FC737F1-C7A5-4376-A066-2A32D752A2FF}</UniqueIdentifier>
      <Extensions>cpp;c;cc;cxx;def;odl;idl;hpj;bat;asm;asmx</Extensions>
    </Filter>
    <Filter Include="Header Files">
      <UniqueIdentifier>{93995380-89BD-4b04-88EB-625FBE52EBFB}</UniqueIdentifier>
      <Extensions>h;hh;hpp;hxx;hm;inl;inc;ipp;xsd</Extensions>
    </Filter>
    <Filter Include="Resource Files">
      <UniqueIdentifier>{67DA6AB6-F800-4c08-8B7A-83BB121AAD01}</UniqueIdentifier>
      <Extensions>rc;ico;cur;bmp;dlg;rc2;rct;bin;rgs;gif;jpg;jpeg;jpe;resx;tiff;tif;png;wav;mfcribbon-ms</Extensions>
    </Filter>
  </ItemGroup>
  <ItemGroup>
    <ClCompile Include="Engine\common\PC\WFunc.cpp">
      <Filter>Source Files</Filter>
    </ClCompile>
    <ClCompile Include="Engine\game\EventDispatcher.cpp">
      <Filter>Source Files</Filter>
    </ClCompile>
    <ClCompile Include="Engine\game\PC\EventDispatcherWin.cpp">
      <Filter>Source Files</Filter>
    </ClCompile>
    <ClCompile Include="Engine\math\PC\Vector2.cpp">
      <Filter>Source Files</Filter>
    </ClCompile>
    <ClCompile Include="Engine\math\PC\Vector3.cpp">
      <Filter>Source Files</Filter>
    </ClCompile>
    <ClCompile Include="Engine\render\PC\Private\D3D12CommandContext.cpp">
      <Filter>Source Files</Filter>
    </ClCompile>
    <ClCompile Include="Engine\render\PC\Private\D3D12GraphicsContext.cpp">
      <Filter>Source Files</Filter>
    </ClCompile>
    <ClCompile Include="Engine\render\PC\Private\ResourceStateTracker.cpp">
      <Filter>Source Files</Filter>
    </ClCompile>
    <ClCompile Include="Engine\render\PC\D3D12RHI.cpp">
      <Filter>Source Files</Filter>
    </ClCompile>
    <ClCompile Include="Engine\render\PC\D3dUtil.cpp">
      <Filter>Source Files</Filter>
    </ClCompile>
    <ClCompile Include="Engine\render\PC\Resource\D3D12Resources.cpp">
      <Filter>Source Files</Filter>
    </ClCompile>
    <ClCompile Include="Engine\Window\Frame.cpp">
      <Filter>Source Files</Filter>
    </ClCompile>
    <ClCompile Include="Engine\Window\WFrame.cpp">
      <Filter>Source Files</Filter>
    </ClCompile>
    <ClCompile Include="GamePlay\main.cpp">
      <Filter>Source Files</Filter>
    </ClCompile>
    <ClCompile Include="Engine\render\Renderer.cpp">
      <Filter>Source Files</Filter>
    </ClCompile>
  </ItemGroup>
  <ItemGroup>
    <ClInclude Include="Engine\common\Format.h">
      <Filter>Header Files</Filter>
    </ClInclude>
    <ClInclude Include="Engine\common\helper.h">
      <Filter>Header Files</Filter>
    </ClInclude>
    <ClInclude Include="Engine\common\PC\WFunc.h">
      <Filter>Header Files</Filter>
    </ClInclude>
    <ClInclude Include="Engine\common\Exception.h">
      <Filter>Header Files</Filter>
    </ClInclude>
    <ClInclude Include="Engine\game\EventDispatcher.h">
      <Filter>Header Files</Filter>
    </ClInclude>
    <ClInclude Include="Engine\game\PC\EventDispatcherWin.h">
      <Filter>Header Files</Filter>
    </ClInclude>
    <ClInclude Include="Engine\math\math.h">
      <Filter>Header Files</Filter>
    </ClInclude>
    <ClInclude Include="Engine\math\PC\Vector2.h">
      <Filter>Header Files</Filter>
    </ClInclude>
    <ClInclude Include="Engine\math\PC\Vector3.h">
      <Filter>Header Files</Filter>
    </ClInclude>
    <ClInclude Include="Engine\memory\BlockAllocator.h">
      <Filter>Header Files</Filter>
    </ClInclude>
    <ClInclude Include="Engine\memory\DynamicBlockAllocator.h">
      <Filter>Header Files</Filter>
    </ClInclude>
    <ClInclude Include="Engine\memory\BuddyAllocator.h">
      <Filter>Header Files</Filter>
    </ClInclude>
    <ClInclude Include="Engine\memory\DynamicLinearAllocator.h">
      <Filter>Header Files</Filter>
    </ClInclude>
    <ClInclude Include="Engine\memory\LinearAllocator.h">
      <Filter>Header Files</Filter>
    </ClInclude>
    <ClInclude Include="Engine\memory\RingAllocator.h">
      <Filter>Header Files</Filter>
    </ClInclude>
    <ClInclude Include="Engine\pch.h">
      <Filter>Header Files</Filter>
    </ClInclude>
    <ClInclude Include="Engine\render\Blob.h">
      <Filter>Header Files</Filter>
    </ClInclude>
    <ClInclude Include="Engine\render\DynamicRHI.h">
      <Filter>Header Files</Filter>
    </ClInclude>
    <ClInclude Include="Engine\render\Material.h">
      <Filter>Header Files</Filter>
    </ClInclude>
    <ClInclude Include="Engine\render\MeshData.h">
      <Filter>Header Files</Filter>
    </ClInclude>
    <ClInclude Include="Engine\render\PC\d3dx12.h">
      <Filter>Header Files</Filter>
    </ClInclude>
    <ClInclude Include="Engine\render\PC\Native\D3D12ConstantBufferAllocator.h">
      <Filter>Header Files</Filter>
    </ClInclude>
    <ClInclude Include="Engine\render\PC\Native\D3D12DescriptorHeap.h">
      <Filter>Header Files</Filter>
    </ClInclude>
    <ClInclude Include="Engine\render\PC\Native\D3D12DescriptorAllocator.h">
      <Filter>Header Files</Filter>
    </ClInclude>
    <ClInclude Include="Engine\render\PC\Native\D3D12Device.h">
      <Filter>Header Files</Filter>
    </ClInclude>
    <ClInclude Include="Engine\render\PC\Native\D3D12EnumConversions.h">
      <Filter>Header Files</Filter>
    </ClInclude>
    <ClInclude Include="Engine\render\PC\Native\D3D12Resource.h">
      <Filter>Header Files</Filter>
    </ClInclude>
    <ClInclude Include="Engine\render\PC\Private\D3D12CommandContext.h">
      <Filter>Header Files</Filter>
    </ClInclude>
    <ClInclude Include="Engine\render\PC\Private\D3D12GraphicsContext.h">
      <Filter>Header Files</Filter>
    </ClInclude>
    <ClInclude Include="Engine\render\PC\Private\D3D12RenderTarget.h">
      <Filter>Header Files</Filter>
    </ClInclude>
    <ClInclude Include="Engine\render\PC\Private\D3D12SwapChain.h">
      <Filter>Header Files</Filter>
    </ClInclude>
    <ClInclude Include="Engine\render\PC\Private\ResourceStateTracker.h">
      <Filter>Header Files</Filter>
    </ClInclude>
    <ClInclude Include="Engine\render\PC\D3D12RHI.h">
      <Filter>Header Files</Filter>
    </ClInclude>
    <ClInclude Include="Engine\render\PC\D3dUtil.h">
      <Filter>Header Files</Filter>
    </ClInclude>
    <ClInclude Include="Engine\render\PC\dxgi.h">
      <Filter>Header Files</Filter>
    </ClInclude>
    <ClInclude Include="Engine\render\PC\Native\D3D12CommandObjectPool.h">
      <Filter>Header Files</Filter>
    </ClInclude>
    <ClInclude Include="Engine\render\PC\Native\D3D12PipelineStateManager.h">
      <Filter>Header Files</Filter>
    </ClInclude>
    <ClInclude Include="Engine\render\PC\Native\D3D12RootSignatureManager.h">
      <Filter>Header Files</Filter>
    </ClInclude>
    <ClInclude Include="Engine\render\PC\Resource\D3D12Fence.h">
      <Filter>Header Files</Filter>
    </ClInclude>
    <ClInclude Include="Engine\render\PC\Resource\D3D12Resources.h">
      <Filter>Header Files</Filter>
    </ClInclude>
    <ClInclude Include="Engine\render\Renderer.h">
      <Filter>Header Files</Filter>
    </ClInclude>
    <ClInclude Include="Engine\render\RenderItem.h">
      <Filter>Header Files</Filter>
    </ClInclude>
    <ClInclude Include="Engine\render\RHIConfiguration.h">
      <Filter>Header Files</Filter>
    </ClInclude>
    <ClInclude Include="Engine\render\RHIDefination.h">
      <Filter>Header Files</Filter>
    </ClInclude>
    <ClInclude Include="Engine\render\RHIDescriptors.h">
      <Filter>Header Files</Filter>
    </ClInclude>
    <ClInclude Include="Engine\render\RHIPipelineStateInializer.h">
      <Filter>Header Files</Filter>
    </ClInclude>
    <ClInclude Include="Engine\render\Shader.h">
      <Filter>Header Files</Filter>
    </ClInclude>
    <ClInclude Include="Engine\render\SubMesh.h">
      <Filter>Header Files</Filter>
    </ClInclude>
    <ClInclude Include="Engine\Window\Frame.h">
      <Filter>Header Files</Filter>
    </ClInclude>
    <ClInclude Include="Engine\Window\WFrame.h">
      <Filter>Header Files</Filter>
    </ClInclude>
    <ClInclude Include="Engine\render\RenderResource.h">
      <Filter>Header Files</Filter>
    </ClInclude>
  </ItemGroup>
  <ItemGroup>
    <None Include="Assets\Configurations\shader.manif" />
  </ItemGroup>
  <ItemGroup>
    <FxCompile Include="Assets\Shaders\source\Opaque.hlsl" />
    <FxCompile Include="Assets\Shaders\source\common\LightingPassConstants.hlsl" />
    <FxCompile Include="Assets\Shaders\source\common\Samplers.hlsl" />
    <FxCompile Include="Assets\Shaders\source\common\PBRInput.hlsl" />
    <FxCompile Include="Assets\Shaders\source\PreDepth.hlsl" />
    <FxCompile Include="Assets\Shaders\source\InstanceOpaque.hlsl" />
    <FxCompile Include="Assets\Shaders\source\common\Common.hlsl" />
    <FxCompile Include="Assets\Shaders\source\UI.hlsl" />
  </ItemGroup>
</Project>